Microsoft Visual Studio Solution File, Format Version 12.00
# Visual Studio Version 17
VisualStudioVersion = 17.0.31903.59
MinimumVisualStudioVersion = 10.0.40219.1
Project("{9A19103F-16F7-4668-BE54-9A1E7A4F7556}") = "Dexie.Prices.Api", "src\Dexie.Prices.Api\Dexie.Prices.Api.csproj", "{DE9CC613-A02D-6E70-BD9C-C613A02D6E70}"
EndProject
Global
	GlobalSection(SolutionConfigurationPlatforms) = preSolution
		Debug|Any CPU = Debug|Any CPU
		Release|Any CPU = Release|Any CPU
	EndGlobalSection
	GlobalSection(ProjectConfigurationPlatforms) = postSolution
		{DE9CC613-A02D-6E70-BD9C-C613A02D6E70}.Debug|Any CPU.ActiveCfg = Debug|Any CPU
		{DE9CC613-A02D-6E70-BD9C-C613A02D6E70}.Debug|Any CPU.Build.0 = Debug|Any CPU
		{DE9CC613-A02D-6E70-BD9C-C613A02D6E70}.Release|Any CPU.ActiveCfg = Release|Any CPU
		{DE9CC613-A02D-6E70-BD9C-C613A02D6E70}.Release|Any CPU.Build.0 = Release|Any CPU
	EndGlobalSection
	GlobalSection(SolutionProperties) = preSolution
		HideSolutionNode = FALSE
	EndGlobalSection
	GlobalSection(ExtensibilityGlobals) = postSolution
		SolutionGuid = {7C3D32D7-1E1B-4E4F-AC7A-E4F18E0B4E4F}
	EndGlobalSection
EndGlobal
