Microsoft Visual Studio Solution File, Format Version 12.00
# Visual Studio Version 17
VisualStudioVersion = 17.0.31903.59
MinimumVisualStudioVersion = 10.0.40219.1
Project("{9A19103F-16F7-4668-BE54-9A1E7A4F7556}") = "Dexie.Shared.Domain", "src\Dexie.Shared.Domain\Dexie.Shared.Domain.csproj", "{8B7B0C5F-7D7A-4B7C-9B7B-0C5F7D7A4B7C}"
EndProject
Global
	GlobalSection(SolutionConfigurationPlatforms) = preSolution
		Debug|Any CPU = Debug|Any CPU
		Release|Any CPU = Release|Any CPU
	EndGlobalSection
	GlobalSection(ProjectConfigurationPlatforms) = postSolution
		{8B7B0C5F-7D7A-4B7C-9B7B-0C5F7D7A4B7C}.Debug|Any CPU.ActiveCfg = Debug|Any CPU
		{8B7B0C5F-7D7A-4B7C-9B7B-0C5F7D7A4B7C}.Debug|Any CPU.Build.0 = Debug|Any CPU
		{8B7B0C5F-7D7A-4B7C-9B7B-0C5F7D7A4B7C}.Release|Any CPU.ActiveCfg = Release|Any CPU
		{8B7B0C5F-7D7A-4B7C-9B7B-0C5F7D7A4B7C}.Release|Any CPU.Build.0 = Release|Any CPU
	EndGlobalSection
	GlobalSection(SolutionProperties) = preSolution
		HideSolutionNode = FALSE
	EndGlobalSection
	GlobalSection(ExtensibilityGlobals) = postSolution
		SolutionGuid = {1C3D32D7-1E1B-4E4F-AC7A-E4F18E0B4E4F}
	EndGlobalSection
EndGlobal
